
Microsoft Visual Studio Solution File, Format Version 12.00
# Visual Studio 15
VisualStudioVersion = 15.0.27130.2010
MinimumVisualStudioVersion = 10.0.40219.1
Project("{8BC9CEB8-8B4A-11D0-8D11-00A0C91BC942}") = "RuleOfFive", "RuleOfFive\RuleOfFive.vcxproj", "{E3E9E17A-9AC7-4AA3-8A7A-5957317C0DBE}"
EndProject
Global
	GlobalSection(SolutionConfigurationPlatforms) = preSolution
		Debug|x64 = Debug|x64
		Debug|x86 = Debug|x86
		Release|x64 = Release|x64
		Release|x86 = Release|x86
	EndGlobalSection
	GlobalSection(ProjectConfigurationPlatforms) = postSolution
		{E3E9E17A-9AC7-4AA3-8A7A-5957317C0DBE}.Debug|x64.ActiveCfg = Debug|x64
		{E3E9E17A-9AC7-4AA3-8A7A-5957317C0DBE}.Debug|x64.Build.0 = Debug|x64
		{E3E9E17A-9AC7-4AA3-8A7A-5957317C0DBE}.Debug|x86.ActiveCfg = Debug|Win32
		{E3E9E17A-9AC7-4AA3-8A7A-5957317C0DBE}.Debug|x86.Build.0 = Debug|Win32
		{E3E9E17A-9AC7-4AA3-8A7A-5957317C0DBE}.Release|x64.ActiveCfg = Release|x64
		{E3E9E17A-9AC7-4AA3-8A7A-5957317C0DBE}.Release|x64.Build.0 = Release|x64
		{E3E9E17A-9AC7-4AA3-8A7A-5957317C0DBE}.Release|x86.ActiveCfg = Release|Win32
		{E3E9E17A-9AC7-4AA3-8A7A-5957317C0DBE}.Release|x86.Build.0 = Release|Win32
	EndGlobalSection
	GlobalSection(SolutionProperties) = preSolution
		HideSolutionNode = FALSE
	EndGlobalSection
	GlobalSection(ExtensibilityGlobals) = postSolution
		SolutionGuid = {252191F3-8180-4EF8-998A-E0004B65E6D4}
	EndGlobalSection
EndGlobal
